
Microsoft Visual Studio Solution File, Format Version 12.00
Project("{FAE04EC0-301F-11D3-BF4B-00C04F79EFBC}") = "MakingVibe", "MakingVibe\MakingVibe.csproj", "{436448AF-5CFE-4B46-B1A6-A3EBCCE78DEB}"
EndProject
Global
	GlobalSection(SolutionConfigurationPlatforms) = preSolution
		Debug|Any CPU = Debug|Any CPU
		Release|Any CPU = Release|Any CPU
	EndGlobalSection
	GlobalSection(ProjectConfigurationPlatforms) = postSolution
		{436448AF-5CFE-4B46-B1A6-A3EBCCE78DEB}.Debug|Any CPU.ActiveCfg = Debug|Any CPU
		{436448AF-5CFE-4B46-B1A6-A3EBCCE78DEB}.Debug|Any CPU.Build.0 = Debug|Any CPU
		{436448AF-5CFE-4B46-B1A6-A3EBCCE78DEB}.Release|Any CPU.ActiveCfg = Release|Any CPU
		{436448AF-5CFE-4B46-B1A6-A3EBCCE78DEB}.Release|Any CPU.Build.0 = Release|Any CPU
	EndGlobalSection
EndGlobal
